
Microsoft Visual Studio Solution File, Format Version 12.00
# Visual Studio Version 16
VisualStudioVersion = 16.0.30717.126
MinimumVisualStudioVersion = 10.0.40219.1
Project("{FAE04EC0-301F-11D3-BF4B-00C04F79EFBC}") = "NET_Nuget", "NET_Nuget.csproj", "{E088570F-2649-402C-BA7F-AF47CE7B58EE}"
EndProject
Global
	GlobalSection(SolutionConfigurationPlatforms) = preSolution
		Debug|Any CPU = Debug|Any CPU
		Release|Any CPU = Release|Any CPU
	EndGlobalSection
	GlobalSection(ProjectConfigurationPlatforms) = postSolution
		{E088570F-2649-402C-BA7F-AF47CE7B58EE}.Debug|Any CPU.ActiveCfg = Debug|Any CPU
		{E088570F-2649-402C-BA7F-AF47CE7B58EE}.Debug|Any CPU.Build.0 = Debug|Any CPU
		{E088570F-2649-402C-BA7F-AF47CE7B58EE}.Release|Any CPU.ActiveCfg = Release|Any CPU
		{E088570F-2649-402C-BA7F-AF47CE7B58EE}.Release|Any CPU.Build.0 = Release|Any CPU
	EndGlobalSection
	GlobalSection(SolutionProperties) = preSolution
		HideSolutionNode = FALSE
	EndGlobalSection
	GlobalSection(ExtensibilityGlobals) = postSolution
		SolutionGuid = {0D75ADC7-A705-4EA9-A565-8A522B796C29}
	EndGlobalSection
EndGlobal
